
Microsoft Visual Studio Solution File, Format Version 12.00
# Visual Studio Version 17
VisualStudioVersion = 17.11.35303.130
MinimumVisualStudioVersion = 10.0.40219.1
Project("{FAE04EC0-301F-11D3-BF4B-00C04F79EFBC}") = "Örnek uygulama", "Örnek uygulama\Örnek uygulama.csproj", "{67028940-92D3-49D4-A987-ACCB732105DA}"
EndProject
Global
	GlobalSection(SolutionConfigurationPlatforms) = preSolution
		Debug|Any CPU = Debug|Any CPU
		Release|Any CPU = Release|Any CPU
	EndGlobalSection
	GlobalSection(ProjectConfigurationPlatforms) = postSolution
		{67028940-92D3-49D4-A987-ACCB732105DA}.Debug|Any CPU.ActiveCfg = Debug|Any CPU
		{67028940-92D3-49D4-A987-ACCB732105DA}.Debug|Any CPU.Build.0 = Debug|Any CPU
		{67028940-92D3-49D4-A987-ACCB732105DA}.Release|Any CPU.ActiveCfg = Release|Any CPU
		{67028940-92D3-49D4-A987-ACCB732105DA}.Release|Any CPU.Build.0 = Release|Any CPU
	EndGlobalSection
	GlobalSection(SolutionProperties) = preSolution
		HideSolutionNode = FALSE
	EndGlobalSection
	GlobalSection(ExtensibilityGlobals) = postSolution
		SolutionGuid = {968AE6FF-A3C7-4A8F-B30F-E1CE098A0F03}
	EndGlobalSection
EndGlobal
